// !$*UTF8*$!
{
	archiveVersion = 1;
	classes = {
	};
	objectVersion = 77;
	objects = {

/* Begin PBXBuildFile section */
		72BAA0EF2DAE30B7005E7B23 /* .gitignore in Resources */ = {isa = PBXBuildFile; fileRef = 72BAA0EE2DAE30B7005E7B23 /* .gitignore */; };
/* End PBXBuildFile section */

/* Begin PBXContainerItemProxy section */
		72BAA0FA2DAE3226005E7B23 /* PBXContainerItemProxy */ = {
			isa = PBXContainerItemProxy;
			containerPortal = 72BAA0A82DACD719005E7B23 /* Project object */;
			proxyType = 1;
			remoteGlobalIDString = 72BAA0AF2DACD719005E7B23;
			remoteInfo = BluePower;
		};
		72BAA12E2DB22E51005E7B23 /* PBXContainerItemProxy */ = {
			isa = PBXContainerItemProxy;
			containerPortal = 72BAA0A82DACD719005E7B23 /* Project object */;
			proxyType = 1;
			remoteGlobalIDString = 72BAA0AF2DACD719005E7B23;
			remoteInfo = BluePower;
		};
/* End PBXContainerItemProxy section */

/* Begin PBXFileReference section */
		72BAA0B02DACD719005E7B23 /* BluePower.app */ = {isa = PBXFileReference; explicitFileType = wrapper.application; includeInIndex = 0; path = BluePower.app; sourceTree = BUILT_PRODUCTS_DIR; };
		72BAA0EE2DAE30B7005E7B23 /* .gitignore */ = {isa = PBXFileReference; lastKnownFileType = text; path = .gitignore; sourceTree = "<group>"; };
		72BAA0F42DAE3226005E7B23 /* BluePowerUITests.xctest */ = {isa = PBXFileReference; explicitFileType = wrapper.cfbundle; includeInIndex = 0; path = BluePowerUITests.xctest; sourceTree = BUILT_PRODUCTS_DIR; };
		72BAA12A2DB22E50005E7B23 /* BluePowerTests.xctest */ = {isa = PBXFileReference; explicitFileType = wrapper.cfbundle; includeInIndex = 0; path = BluePowerTests.xctest; sourceTree = BUILT_PRODUCTS_DIR; };
/* End PBXFileReference section */

/* Begin PBXFileSystemSynchronizedRootGroup section */
		72BAA0B22DACD719005E7B23 /* BluePower */ = {
			isa = PBXFileSystemSynchronizedRootGroup;
			path = BluePower;
			sourceTree = "<group>";
		};
		72BAA0F52DAE3226005E7B23 /* BluePowerUITests */ = {
			isa = PBXFileSystemSynchronizedRootGroup;
			path = BluePowerUITests;
			sourceTree = "<group>";
		};
		72BAA12B2DB22E51005E7B23 /* BluePowerTests */ = {
			isa = PBXFileSystemSynchronizedRootGroup;
			path = BluePowerTests;
			sourceTree = "<group>";
		};
/* End PBXFileSystemSynchronizedRootGroup section */

/* Begin PBXFrameworksBuildPhase section */
		72BAA0AD2DACD719005E7B23 /* Frameworks */ = {
			isa = PBXFrameworksBuildPhase;
			buildActionMask = 2147483647;
			files = (
			);
			runOnlyForDeploymentPostprocessing = 0;
		};
		72BAA0F12DAE3226005E7B23 /* Frameworks */ = {
			isa = PBXFrameworksBuildPhase;
			buildActionMask = 2147483647;
			files = (
			);
			runOnlyForDeploymentPostprocessing = 0;
		};
		72BAA1272DB22E50005E7B23 /* Frameworks */ = {
			isa = PBXFrameworksBuildPhase;
			buildActionMask = 2147483647;
			files = (
			);
			runOnlyForDeploymentPostprocessing = 0;
		};
/* End PBXFrameworksBuildPhase section */

/* Begin PBXGroup section */
		72BAA0A72DACD719005E7B23 = {
			isa = PBXGroup;
			children = (
				72BAA0EE2DAE30B7005E7B23 /* .gitignore */,
				72BAA0B22DACD719005E7B23 /* BluePower */,
				72BAA0F52DAE3226005E7B23 /* BluePowerUITests */,
				72BAA12B2DB22E51005E7B23 /* BluePowerTests */,
				72BAA0B12DACD719005E7B23 /* Products */,
			);
			sourceTree = "<group>";
		};
		72BAA0B12DACD719005E7B23 /* Products */ = {
			isa = PBXGroup;
			children = (
				72BAA0B02DACD719005E7B23 /* BluePower.app */,
				72BAA0F42DAE3226005E7B23 /* BluePowerUITests.xctest */,
				72BAA12A2DB22E50005E7B23 /* BluePowerTests.xctest */,
			);
			name = Products;
			sourceTree = "<group>";
		};
/* End PBXGroup section */

/* Begin PBXNativeTarget section */
		72BAA0AF2DACD719005E7B23 /* BluePower */ = {
			isa = PBXNativeTarget;
			buildConfigurationList = 72BAA0BE2DACD71B005E7B23 /* Build configuration list for PBXNativeTarget "BluePower" */;
			buildPhases = (
				72BAA0AC2DACD719005E7B23 /* Sources */,
				72BAA0AD2DACD719005E7B23 /* Frameworks */,
				72BAA0AE2DACD719005E7B23 /* Resources */,
			);
			buildRules = (
			);
			dependencies = (
			);
			fileSystemSynchronizedGroups = (
				72BAA0B22DACD719005E7B23 /* BluePower */,
			);
			name = BluePower;
			packageProductDependencies = (
			);
			productName = BluePower;
			productReference = 72BAA0B02DACD719005E7B23 /* BluePower.app */;
			productType = "com.apple.product-type.application";
		};
		72BAA0F32DAE3226005E7B23 /* BluePowerUITests */ = {
			isa = PBXNativeTarget;
			buildConfigurationList = 72BAA0FC2DAE3226005E7B23 /* Build configuration list for PBXNativeTarget "BluePowerUITests" */;
			buildPhases = (
				72BAA0F02DAE3226005E7B23 /* Sources */,
				72BAA0F12DAE3226005E7B23 /* Frameworks */,
				72BAA0F22DAE3226005E7B23 /* Resources */,
			);
			buildRules = (
			);
			dependencies = (
				72BAA0FB2DAE3226005E7B23 /* PBXTargetDependency */,
			);
			fileSystemSynchronizedGroups = (
				72BAA0F52DAE3226005E7B23 /* BluePowerUITests */,
			);
			name = BluePowerUITests;
			packageProductDependencies = (
			);
			productName = BluePowerUITests;
			productReference = 72BAA0F42DAE3226005E7B23 /* BluePowerUITests.xctest */;
			productType = "com.apple.product-type.bundle.ui-testing";
		};
		72BAA1292DB22E50005E7B23 /* BluePowerTests */ = {
			isa = PBXNativeTarget;
			buildConfigurationList = 72BAA1302DB22E51005E7B23 /* Build configuration list for PBXNativeTarget "BluePowerTests" */;
			buildPhases = (
				72BAA1262DB22E50005E7B23 /* Sources */,
				72BAA1272DB22E50005E7B23 /* Frameworks */,
				72BAA1282DB22E50005E7B23 /* Resources */,
			);
			buildRules = (
			);
			dependencies = (
				72BAA12F2DB22E51005E7B23 /* PBXTargetDependency */,
			);
			fileSystemSynchronizedGroups = (
				72BAA12B2DB22E51005E7B23 /* BluePowerTests */,
			);
			name = BluePowerTests;
			packageProductDependencies = (
			);
			productName = BluePowerTests;
			productReference = 72BAA12A2DB22E50005E7B23 /* BluePowerTests.xctest */;
			productType = "com.apple.product-type.bundle.unit-test";
		};
/* End PBXNativeTarget section */

/* Begin PBXProject section */
		72BAA0A82DACD719005E7B23 /* Project object */ = {
			isa = PBXProject;
			attributes = {
				BuildIndependentTargetsInParallel = 1;
				LastSwiftUpdateCheck = 1620;
				LastUpgradeCheck = 1620;
				TargetAttributes = {
					72BAA0AF2DACD719005E7B23 = {
						CreatedOnToolsVersion = 16.2;
					};
					72BAA0F32DAE3226005E7B23 = {
						CreatedOnToolsVersion = 16.2;
						TestTargetID = 72BAA0AF2DACD719005E7B23;
					};
					72BAA1292DB22E50005E7B23 = {
						CreatedOnToolsVersion = 16.2;
						TestTargetID = 72BAA0AF2DACD719005E7B23;
					};
				};
			};
			buildConfigurationList = 72BAA0AB2DACD719005E7B23 /* Build configuration list for PBXProject "BluePower" */;
			developmentRegion = en;
			hasScannedForEncodings = 0;
			knownRegions = (
				en,
				Base,
			);
			mainGroup = 72BAA0A72DACD719005E7B23;
			minimizedProjectReferenceProxies = 1;
			preferredProjectObjectVersion = 77;
			productRefGroup = 72BAA0B12DACD719005E7B23 /* Products */;
			projectDirPath = "";
			projectRoot = "";
			targets = (
				72BAA0AF2DACD719005E7B23 /* BluePower */,
				72BAA0F32DAE3226005E7B23 /* BluePowerUITests */,
				72BAA1292DB22E50005E7B23 /* BluePowerTests */,
			);
		};
/* End PBXProject section */

/* Begin PBXResourcesBuildPhase section */
		72BAA0AE2DACD719005E7B23 /* Resources */ = {
			isa = PBXResourcesBuildPhase;
			buildActionMask = 2147483647;
			files = (
				72BAA0EF2DAE30B7005E7B23 /* .gitignore in Resources */,
			);
			runOnlyForDeploymentPostprocessing = 0;
		};
		72BAA0F22DAE3226005E7B23 /* Resources */ = {
			isa = PBXResourcesBuildPhase;
			buildActionMask = 2147483647;
			files = (
			);
			runOnlyForDeploymentPostprocessing = 0;
		};
		72BAA1282DB22E50005E7B23 /* Resources */ = {
			isa = PBXResourcesBuildPhase;
			buildActionMask = 2147483647;
			files = (
			);
			runOnlyForDeploymentPostprocessing = 0;
		};
/* End PBXResourcesBuildPhase section */

/* Begin PBXSourcesBuildPhase section */
		72BAA0AC2DACD719005E7B23 /* Sources */ = {
			isa = PBXSourcesBuildPhase;
			buildActionMask = 2147483647;
			files = (
			);
			runOnlyForDeploymentPostprocessing = 0;
		};
		72BAA0F02DAE3226005E7B23 /* Sources */ = {
			isa = PBXSourcesBuildPhase;
			buildActionMask = 2147483647;
			files = (
			);
			runOnlyForDeploymentPostprocessing = 0;
		};
		72BAA1262DB22E50005E7B23 /* Sources */ = {
			isa = PBXSourcesBuildPhase;
			buildActionMask = 2147483647;
			files = (
			);
			runOnlyForDeploymentPostprocessing = 0;
		};
/* End PBXSourcesBuildPhase section */

/* Begin PBXTargetDependency section */
		72BAA0FB2DAE3226005E7B23 /* PBXTargetDependency */ = {
			isa = PBXTargetDependency;
			target = 72BAA0AF2DACD719005E7B23 /* BluePower */;
			targetProxy = 72BAA0FA2DAE3226005E7B23 /* PBXContainerItemProxy */;
		};
		72BAA12F2DB22E51005E7B23 /* PBXTargetDependency */ = {
			isa = PBXTargetDependency;
			target = 72BAA0AF2DACD719005E7B23 /* BluePower */;
			targetProxy = 72BAA12E2DB22E51005E7B23 /* PBXContainerItemProxy */;
		};
/* End PBXTargetDependency section */

/* Begin XCBuildConfiguration section */
		72BAA0BC2DACD71B005E7B23 /* Debug */ = {
			isa = XCBuildConfiguration;
			buildSettings = {
				ALWAYS_SEARCH_USER_PATHS = NO;
				ASSETCATALOG_COMPILER_GENERATE_SWIFT_ASSET_SYMBOL_EXTENSIONS = YES;
				CLANG_ANALYZER_NONNULL = YES;
				CLANG_ANALYZER_NUMBER_OBJECT_CONVERSION = YES_AGGRESSIVE;
				CLANG_CXX_LANGUAGE_STANDARD = "gnu++20";
				CLANG_ENABLE_MODULES = YES;
				CLANG_ENABLE_OBJC_ARC = YES;
				CLANG_ENABLE_OBJC_WEAK = YES;
				CLANG_WARN_BLOCK_CAPTURE_AUTORELEASING = YES;
				CLANG_WARN_BOOL_CONVERSION = YES;
				CLANG_WARN_COMMA = YES;
				CLANG_WARN_CONSTANT_CONVERSION = YES;
				CLANG_WARN_DEPRECATED_OBJC_IMPLEMENTATIONS = YES;
				CLANG_WARN_DIRECT_OBJC_ISA_USAGE = YES_ERROR;
				CLANG_WARN_DOCUMENTATION_COMMENTS = YES;
				CLANG_WARN_EMPTY_BODY = YES;
				CLANG_WARN_ENUM_CONVERSION = YES;
				CLANG_WARN_INFINITE_RECURSION = YES;
				CLANG_WARN_INT_CONVERSION = YES;
				CLANG_WARN_NON_LITERAL_NULL_CONVERSION = YES;
				CLANG_WARN_OBJC_IMPLICIT_RETAIN_SELF = YES;
				CLANG_WARN_OBJC_LITERAL_CONVERSION = YES;
				CLANG_WARN_OBJC_ROOT_CLASS = YES_ERROR;
				CLANG_WARN_QUOTED_INCLUDE_IN_FRAMEWORK_HEADER = YES;
				CLANG_WARN_RANGE_LOOP_ANALYSIS = YES;
				CLANG_WARN_STRICT_PROTOTYPES = YES;
				CLANG_WARN_SUSPICIOUS_MOVE = YES;
				CLANG_WARN_UNGUARDED_AVAILABILITY = YES_AGGRESSIVE;
				CLANG_WARN_UNREACHABLE_CODE = YES;
				CLANG_WARN__DUPLICATE_METHOD_MATCH = YES;
				COPY_PHASE_STRIP = NO;
				DEBUG_INFORMATION_FORMAT = dwarf;
				ENABLE_STRICT_OBJC_MSGSEND = YES;
				ENABLE_TESTABILITY = YES;
				ENABLE_USER_SCRIPT_SANDBOXING = YES;
				GCC_C_LANGUAGE_STANDARD = gnu17;
				GCC_DYNAMIC_NO_PIC = NO;
				GCC_NO_COMMON_BLOCKS = YES;
				GCC_OPTIMIZATION_LEVEL = 0;
				GCC_PREPROCESSOR_DEFINITIONS = (
					"DEBUG=1",
					"$(inherited)",
				);
				GCC_WARN_64_TO_32_BIT_CONVERSION = YES;
				GCC_WARN_ABOUT_RETURN_TYPE = YES_ERROR;
				GCC_WARN_UNDECLARED_SELECTOR = YES;
				GCC_WARN_UNINITIALIZED_AUTOS = YES_AGGRESSIVE;
				GCC_WARN_UNUSED_FUNCTION = YES;
				GCC_WARN_UNUSED_VARIABLE = YES;
				IPHONEOS_DEPLOYMENT_TARGET = 18.2;
				LOCALIZATION_PREFERS_STRING_CATALOGS = YES;
				MTL_ENABLE_DEBUG_INFO = INCLUDE_SOURCE;
				MTL_FAST_MATH = YES;
				ONLY_ACTIVE_ARCH = YES;
				SDKROOT = iphoneos;
				SWIFT_ACTIVE_COMPILATION_CONDITIONS = "DEBUG $(inherited)";
				SWIFT_OPTIMIZATION_LEVEL = "-Onone";
			};
			name = Debug;
		};
		72BAA0BD2DACD71B005E7B23 /* Release */ = {
			isa = XCBuildConfiguration;
			buildSettings = {
				ALWAYS_SEARCH_USER_PATHS = NO;
				ASSETCATALOG_COMPILER_GENERATE_SWIFT_ASSET_SYMBOL_EXTENSIONS = YES;
				CLANG_ANALYZER_NONNULL = YES;
				CLANG_ANALYZER_NUMBER_OBJECT_CONVERSION = YES_AGGRESSIVE;
				CLANG_CXX_LANGUAGE_STANDARD = "gnu++20";
				CLANG_ENABLE_MODULES = YES;
				CLANG_ENABLE_OBJC_ARC = YES;
				CLANG_ENABLE_OBJC_WEAK = YES;
				CLANG_WARN_BLOCK_CAPTURE_AUTORELEASING = YES;
				CLANG_WARN_BOOL_CONVERSION = YES;
				CLANG_WARN_COMMA = YES;
				CLANG_WARN_CONSTANT_CONVERSION = YES;
				CLANG_WARN_DEPRECATED_OBJC_IMPLEMENTATIONS = YES;
				CLANG_WARN_DIRECT_OBJC_ISA_USAGE = YES_ERROR;
				CLANG_WARN_DOCUMENTATION_COMMENTS = YES;
				CLANG_WARN_EMPTY_BODY = YES;
				CLANG_WARN_ENUM_CONVERSION = YES;
				CLANG_WARN_INFINITE_RECURSION = YES;
				CLANG_WARN_INT_CONVERSION = YES;
				CLANG_WARN_NON_LITERAL_NULL_CONVERSION = YES;
				CLANG_WARN_OBJC_IMPLICIT_RETAIN_SELF = YES;
				CLANG_WARN_OBJC_LITERAL_CONVERSION = YES;
				CLANG_WARN_OBJC_ROOT_CLASS = YES_ERROR;
				CLANG_WARN_QUOTED_INCLUDE_IN_FRAMEWORK_HEADER = YES;
				CLANG_WARN_RANGE_LOOP_ANALYSIS = YES;
				CLANG_WARN_STRICT_PROTOTYPES = YES;
				CLANG_WARN_SUSPICIOUS_MOVE = YES;
				CLANG_WARN_UNGUARDED_AVAILABILITY = YES_AGGRESSIVE;
				CLANG_WARN_UNREACHABLE_CODE = YES;
				CLANG_WARN__DUPLICATE_METHOD_MATCH = YES;
				COPY_PHASE_STRIP = NO;
				DEBUG_INFORMATION_FORMAT = "dwarf-with-dsym";
				ENABLE_NS_ASSERTIONS = NO;
				ENABLE_STRICT_OBJC_MSGSEND = YES;
				ENABLE_USER_SCRIPT_SANDBOXING = YES;
				GCC_C_LANGUAGE_STANDARD = gnu17;
				GCC_NO_COMMON_BLOCKS = YES;
				GCC_WARN_64_TO_32_BIT_CONVERSION = YES;
				GCC_WARN_ABOUT_RETURN_TYPE = YES_ERROR;
				GCC_WARN_UNDECLARED_SELECTOR = YES;
				GCC_WARN_UNINITIALIZED_AUTOS = YES_AGGRESSIVE;
				GCC_WARN_UNUSED_FUNCTION = YES;
				GCC_WARN_UNUSED_VARIABLE = YES;
				IPHONEOS_DEPLOYMENT_TARGET = 18.2;
				LOCALIZATION_PREFERS_STRING_CATALOGS = YES;
				MTL_ENABLE_DEBUG_INFO = NO;
				MTL_FAST_MATH = YES;
				SDKROOT = iphoneos;
				SWIFT_COMPILATION_MODE = wholemodule;
				VALIDATE_PRODUCT = YES;
			};
			name = Release;
		};
		72BAA0BF2DACD71B005E7B23 /* Debug */ = {
			isa = XCBuildConfiguration;
			buildSettings = {
				ASSETCATALOG_COMPILER_APPICON_NAME = AppIcon;
				ASSETCATALOG_COMPILER_GLOBAL_ACCENT_COLOR_NAME = AccentColor;
				CODE_SIGN_STYLE = Automatic;
				CURRENT_PROJECT_VERSION = 1;
				DEVELOPMENT_ASSET_PATHS = "\"BluePower/Preview Content\"";
				DEVELOPMENT_TEAM = QQN262X7KM;
				ENABLE_PREVIEWS = YES;
				GENERATE_INFOPLIST_FILE = YES;
				INFOPLIST_KEY_NSBluetoothAlwaysUsageDescription = "";
				INFOPLIST_KEY_NSBluetoothPeripheralUsageDescription = "";
				INFOPLIST_KEY_UIApplicationSceneManifest_Generation = YES;
				INFOPLIST_KEY_UIApplicationSupportsIndirectInputEvents = YES;
				INFOPLIST_KEY_UILaunchScreen_Generation = YES;
				INFOPLIST_KEY_UISupportedInterfaceOrientations = UIInterfaceOrientationPortrait;
				INFOPLIST_KEY_UISupportedInterfaceOrientations_iPad = "UIInterfaceOrientationLandscapeLeft UIInterfaceOrientationLandscapeRight UIInterfaceOrientationPortrait UIInterfaceOrientationPortraitUpsideDown";
				IPHONEOS_DEPLOYMENT_TARGET = 17.0;
				LD_RUNPATH_SEARCH_PATHS = (
					"$(inherited)",
					"@executable_path/Frameworks",
				);
				MARKETING_VERSION = 1.0;
				PRODUCT_BUNDLE_IDENTIFIER = com.Jun.BluePower;
				PRODUCT_NAME = "$(TARGET_NAME)";
				SUPPORTED_PLATFORMS = "iphoneos iphonesimulator";
				SUPPORTS_MACCATALYST = NO;
				SUPPORTS_MAC_DESIGNED_FOR_IPHONE_IPAD = NO;
				SUPPORTS_XR_DESIGNED_FOR_IPHONE_IPAD = NO;
				SWIFT_EMIT_LOC_STRINGS = YES;
				SWIFT_VERSION = 5.0;
				TARGETED_DEVICE_FAMILY = 1;
			};
			name = Debug;
		};
		72BAA0C02DACD71B005E7B23 /* Release */ = {
			isa = XCBuildConfiguration;
			buildSettings = {
				ASSETCATALOG_COMPILER_APPICON_NAME = AppIcon;
				ASSETCATALOG_COMPILER_GLOBAL_ACCENT_COLOR_NAME = AccentColor;
				CODE_SIGN_STYLE = Automatic;
				CURRENT_PROJECT_VERSION = 1;
				DEVELOPMENT_ASSET_PATHS = "\"BluePower/Preview Content\"";
				DEVELOPMENT_TEAM = QQN262X7KM;
				ENABLE_PREVIEWS = YES;
				GENERATE_INFOPLIST_FILE = YES;
				INFOPLIST_KEY_NSBluetoothAlwaysUsageDescription = "";
				INFOPLIST_KEY_NSBluetoothPeripheralUsageDescription = "";
				INFOPLIST_KEY_UIApplicationSceneManifest_Generation = YES;
				INFOPLIST_KEY_UIApplicationSupportsIndirectInputEvents = YES;
				INFOPLIST_KEY_UILaunchScreen_Generation = YES;
				INFOPLIST_KEY_UISupportedInterfaceOrientations = UIInterfaceOrientationPortrait;
				INFOPLIST_KEY_UISupportedInterfaceOrientations_iPad = "UIInterfaceOrientationLandscapeLeft UIInterfaceOrientationLandscapeRight UIInterfaceOrientationPortrait UIInterfaceOrientationPortraitUpsideDown";
				IPHONEOS_DEPLOYMENT_TARGET = 17.0;
				LD_RUNPATH_SEARCH_PATHS = (
					"$(inherited)",
					"@executable_path/Frameworks",
				);
				MARKETING_VERSION = 1.0;
				PRODUCT_BUNDLE_IDENTIFIER = com.Jun.BluePower;
				PRODUCT_NAME = "$(TARGET_NAME)";
				SUPPORTED_PLATFORMS = "iphoneos iphonesimulator";
				SUPPORTS_MACCATALYST = NO;
				SUPPORTS_MAC_DESIGNED_FOR_IPHONE_IPAD = NO;
				SUPPORTS_XR_DESIGNED_FOR_IPHONE_IPAD = NO;
				SWIFT_EMIT_LOC_STRINGS = YES;
				SWIFT_VERSION = 5.0;
				TARGETED_DEVICE_FAMILY = 1;
			};
			name = Release;
		};
		72BAA0FD2DAE3226005E7B23 /* Debug */ = {
			isa = XCBuildConfiguration;
			buildSettings = {
				CODE_SIGN_STYLE = Automatic;
				CURRENT_PROJECT_VERSION = 1;
				DEVELOPMENT_TEAM = QQN262X7KM;
				GENERATE_INFOPLIST_FILE = YES;
				MARKETING_VERSION = 1.0;
				PRODUCT_BUNDLE_IDENTIFIER = com.Jun.BluePowerUITests;
				PRODUCT_NAME = "$(TARGET_NAME)";
				SWIFT_EMIT_LOC_STRINGS = NO;
				SWIFT_VERSION = 5.0;
				TARGETED_DEVICE_FAMILY = "1,2";
				TEST_TARGET_NAME = BluePower;
			};
			name = Debug;
		};
		72BAA0FE2DAE3226005E7B23 /* Release */ = {
			isa = XCBuildConfiguration;
			buildSettings = {
				CODE_SIGN_STYLE = Automatic;
				CURRENT_PROJECT_VERSION = 1;
				DEVELOPMENT_TEAM = QQN262X7KM;
				GENERATE_INFOPLIST_FILE = YES;
				MARKETING_VERSION = 1.0;
				PRODUCT_BUNDLE_IDENTIFIER = com.Jun.BluePowerUITests;
				PRODUCT_NAME = "$(TARGET_NAME)";
				SWIFT_EMIT_LOC_STRINGS = NO;
				SWIFT_VERSION = 5.0;
				TARGETED_DEVICE_FAMILY = "1,2";
				TEST_TARGET_NAME = BluePower;
			};
			name = Release;
		};
		72BAA1312DB22E51005E7B23 /* Debug */ = {
			isa = XCBuildConfiguration;
			buildSettings = {
				BUNDLE_LOADER = "$(TEST_HOST)";
				CODE_SIGN_STYLE = Automatic;
				CURRENT_PROJECT_VERSION = 1;
				DEVELOPMENT_TEAM = QQN262X7KM;
				GENERATE_INFOPLIST_FILE = YES;
				MARKETING_VERSION = 1.0;
				PRODUCT_BUNDLE_IDENTIFIER = com.Jun.BluePowerTests;
				PRODUCT_NAME = "$(TARGET_NAME)";
				SWIFT_EMIT_LOC_STRINGS = NO;
				SWIFT_VERSION = 5.0;
				TARGETED_DEVICE_FAMILY = "1,2";
				TEST_HOST = "$(BUILT_PRODUCTS_DIR)/BluePower.app/$(BUNDLE_EXECUTABLE_FOLDER_PATH)/BluePower";
			};
			name = Debug;
		};
		72BAA1322DB22E51005E7B23 /* Release */ = {
			isa = XCBuildConfiguration;
			buildSettings = {
				BUNDLE_LOADER = "$(TEST_HOST)";
				CODE_SIGN_STYLE = Automatic;
				CURRENT_PROJECT_VERSION = 1;
				DEVELOPMENT_TEAM = QQN262X7KM;
				GENERATE_INFOPLIST_FILE = YES;
				MARKETING_VERSION = 1.0;
				PRODUCT_BUNDLE_IDENTIFIER = com.Jun.BluePowerTests;
				PRODUCT_NAME = "$(TARGET_NAME)";
				SWIFT_EMIT_LOC_STRINGS = NO;
				SWIFT_VERSION = 5.0;
				TARGETED_DEVICE_FAMILY = "1,2";
				TEST_HOST = "$(BUILT_PRODUCTS_DIR)/BluePower.app/$(BUNDLE_EXECUTABLE_FOLDER_PATH)/BluePower";
			};
			name = Release;
		};
/* End XCBuildConfiguration section */

/* Begin XCConfigurationList section */
		72BAA0AB2DACD719005E7B23 /* Build configuration list for PBXProject "BluePower" */ = {
			isa = XCConfigurationList;
			buildConfigurations = (
				72BAA0BC2DACD71B005E7B23 /* Debug */,
				72BAA0BD2DACD71B005E7B23 /* Release */,
			);
			defaultConfigurationIsVisible = 0;
			defaultConfigurationName = Release;
		};
		72BAA0BE2DACD71B005E7B23 /* Build configuration list for PBXNativeTarget "BluePower" */ = {
			isa = XCConfigurationList;
			buildConfigurations = (
				72BAA0BF2DACD71B005E7B23 /* Debug */,
				72BAA0C02DACD71B005E7B23 /* Release */,
			);
			defaultConfigurationIsVisible = 0;
			defaultConfigurationName = Release;
		};
		72BAA0FC2DAE3226005E7B23 /* Build configuration list for PBXNativeTarget "BluePowerUITests" */ = {
			isa = XCConfigurationList;
			buildConfigurations = (
				72BAA0FD2DAE3226005E7B23 /* Debug */,
				72BAA0FE2DAE3226005E7B23 /* Release */,
			);
			defaultConfigurationIsVisible = 0;
			defaultConfigurationName = Release;
		};
		72BAA1302DB22E51005E7B23 /* Build configuration list for PBXNativeTarget "BluePowerTests" */ = {
			isa = XCConfigurationList;
			buildConfigurations = (
				72BAA1312DB22E51005E7B23 /* Debug */,
				72BAA1322DB22E51005E7B23 /* Release */,
			);
			defaultConfigurationIsVisible = 0;
			defaultConfigurationName = Release;
		};
/* End XCConfigurationList section */
	};
	rootObject = 72BAA0A82DACD719005E7B23 /* Project object */;
}
